// !$*UTF8*$!
{
	archiveVersion = 1;
	classes = {
	};
	objectVersion = 50;
	objects = {

/* Begin PBXBuildFile section */
		A51809C625B569BE00E0B589 /* GifInfo.swift in Sources */ = {isa = PBXBuildFile; fileRef = A51809C525B569BE00E0B589 /* GifInfo.swift */; };
		A57D3A2B25B489F0005C3338 /* AppDelegate.swift in Sources */ = {isa = PBXBuildFile; fileRef = A57D3A2A25B489F0005C3338 /* AppDelegate.swift */; };
		A57D3A2D25B489F0005C3338 /* SceneDelegate.swift in Sources */ = {isa = PBXBuildFile; fileRef = A57D3A2C25B489F0005C3338 /* SceneDelegate.swift */; };
		A57D3A2F25B489F0005C3338 /* SearchViewController.swift in Sources */ = {isa = PBXBuildFile; fileRef = A57D3A2E25B489F0005C3338 /* SearchViewController.swift */; };
		A57D3A3225B489F0005C3338 /* Main.storyboard in Resources */ = {isa = PBXBuildFile; fileRef = A57D3A3025B489F0005C3338 /* Main.storyboard */; };
		A57D3A3425B489F2005C3338 /* Assets.xcassets in Resources */ = {isa = PBXBuildFile; fileRef = A57D3A3325B489F2005C3338 /* Assets.xcassets */; };
		A57D3A3725B489F2005C3338 /* LaunchScreen.storyboard in Resources */ = {isa = PBXBuildFile; fileRef = A57D3A3525B489F2005C3338 /* LaunchScreen.storyboard */; };
/* End PBXBuildFile section */

/* Begin PBXFileReference section */
		A51809C525B569BE00E0B589 /* GifInfo.swift */ = {isa = PBXFileReference; lastKnownFileType = sourcecode.swift; path = GifInfo.swift; sourceTree = "<group>"; };
		A57D3A2725B489F0005C3338 /* GifApp.app */ = {isa = PBXFileReference; explicitFileType = wrapper.application; includeInIndex = 0; path = GifApp.app; sourceTree = BUILT_PRODUCTS_DIR; };
		A57D3A2A25B489F0005C3338 /* AppDelegate.swift */ = {isa = PBXFileReference; lastKnownFileType = sourcecode.swift; path = AppDelegate.swift; sourceTree = "<group>"; };
		A57D3A2C25B489F0005C3338 /* SceneDelegate.swift */ = {isa = PBXFileReference; lastKnownFileType = sourcecode.swift; path = SceneDelegate.swift; sourceTree = "<group>"; };
		A57D3A2E25B489F0005C3338 /* SearchViewController.swift */ = {isa = PBXFileReference; lastKnownFileType = sourcecode.swift; path = SearchViewController.swift; sourceTree = "<group>"; };
		A57D3A3125B489F0005C3338 /* Base */ = {isa = PBXFileReference; lastKnownFileType = file.storyboard; name = Base; path = Base.lproj/Main.storyboard; sourceTree = "<group>"; };
		A57D3A3325B489F2005C3338 /* Assets.xcassets */ = {isa = PBXFileReference; lastKnownFileType = folder.assetcatalog; path = Assets.xcassets; sourceTree = "<group>"; };
		A57D3A3625B489F2005C3338 /* Base */ = {isa = PBXFileReference; lastKnownFileType = file.storyboard; name = Base; path = Base.lproj/LaunchScreen.storyboard; sourceTree = "<group>"; };
		A57D3A3825B489F2005C3338 /* Info.plist */ = {isa = PBXFileReference; lastKnownFileType = text.plist.xml; path = Info.plist; sourceTree = "<group>"; };
/* End PBXFileReference section */

/* Begin PBXFrameworksBuildPhase section */
		A57D3A2425B489F0005C3338 /* Frameworks */ = {
			isa = PBXFrameworksBuildPhase;
			buildActionMask = 2147483647;
			files = (
			);
			runOnlyForDeploymentPostprocessing = 0;
		};
/* End PBXFrameworksBuildPhase section */

/* Begin PBXGroup section */
		A51809C225B5676900E0B589 /* Scene */ = {
			isa = PBXGroup;
			children = (
				A57D3A2E25B489F0005C3338 /* SearchViewController.swift */,
			);
			path = Scene;
			sourceTree = "<group>";
		};
		A51809C425B569AA00E0B589 /* Model */ = {
			isa = PBXGroup;
			children = (
				A51809C525B569BE00E0B589 /* GifInfo.swift */,
			);
			path = Model;
			sourceTree = "<group>";
		};
		A57D3A1E25B489F0005C3338 = {
			isa = PBXGroup;
			children = (
				A57D3A2925B489F0005C3338 /* GifApp */,
				A57D3A2825B489F0005C3338 /* Products */,
			);
			sourceTree = "<group>";
		};
		A57D3A2825B489F0005C3338 /* Products */ = {
			isa = PBXGroup;
			children = (
				A57D3A2725B489F0005C3338 /* GifApp.app */,
			);
			name = Products;
			sourceTree = "<group>";
		};
		A57D3A2925B489F0005C3338 /* GifApp */ = {
			isa = PBXGroup;
			children = (
				A51809C425B569AA00E0B589 /* Model */,
				A51809C225B5676900E0B589 /* Scene */,
				A57D3A3025B489F0005C3338 /* Main.storyboard */,
				A57D3A3525B489F2005C3338 /* LaunchScreen.storyboard */,
				A57D3A2A25B489F0005C3338 /* AppDelegate.swift */,
				A57D3A2C25B489F0005C3338 /* SceneDelegate.swift */,
				A57D3A3325B489F2005C3338 /* Assets.xcassets */,
				A57D3A3825B489F2005C3338 /* Info.plist */,
			);
			path = GifApp;
			sourceTree = "<group>";
		};
/* End PBXGroup section */

/* Begin PBXNativeTarget section */
		A57D3A2625B489F0005C3338 /* GifApp */ = {
			isa = PBXNativeTarget;
			buildConfigurationList = A57D3A3B25B489F2005C3338 /* Build configuration list for PBXNativeTarget "GifApp" */;
			buildPhases = (
				A57D3A2325B489F0005C3338 /* Sources */,
				A57D3A2425B489F0005C3338 /* Frameworks */,
				A57D3A2525B489F0005C3338 /* Resources */,
			);
			buildRules = (
			);
			dependencies = (
			);
			name = GifApp;
			productName = GifApp;
			productReference = A57D3A2725B489F0005C3338 /* GifApp.app */;
			productType = "com.apple.product-type.application";
		};
/* End PBXNativeTarget section */

/* Begin PBXProject section */
		A57D3A1F25B489F0005C3338 /* Project object */ = {
			isa = PBXProject;
			attributes = {
				LastSwiftUpdateCheck = 1220;
				LastUpgradeCheck = 1220;
				TargetAttributes = {
					A57D3A2625B489F0005C3338 = {
						CreatedOnToolsVersion = 12.2;
					};
				};
			};
			buildConfigurationList = A57D3A2225B489F0005C3338 /* Build configuration list for PBXProject "GifApp" */;
			compatibilityVersion = "Xcode 9.3";
			developmentRegion = en;
			hasScannedForEncodings = 0;
			knownRegions = (
				en,
				Base,
			);
			mainGroup = A57D3A1E25B489F0005C3338;
			productRefGroup = A57D3A2825B489F0005C3338 /* Products */;
			projectDirPath = "";
			projectRoot = "";
			targets = (
				A57D3A2625B489F0005C3338 /* GifApp */,
			);
		};
/* End PBXProject section */

/* Begin PBXResourcesBuildPhase section */
		A57D3A2525B489F0005C3338 /* Resources */ = {
			isa = PBXResourcesBuildPhase;
			buildActionMask = 2147483647;
			files = (
				A57D3A3725B489F2005C3338 /* LaunchScreen.storyboard in Resources */,
				A57D3A3425B489F2005C3338 /* Assets.xcassets in Resources */,
				A57D3A3225B489F0005C3338 /* Main.storyboard in Resources */,
			);
			runOnlyForDeploymentPostprocessing = 0;
		};
/* End PBXResourcesBuildPhase section */

/* Begin PBXSourcesBuildPhase section */
		A57D3A2325B489F0005C3338 /* Sources */ = {
			isa = PBXSourcesBuildPhase;
			buildActionMask = 2147483647;
			files = (
				A57D3A2F25B489F0005C3338 /* SearchViewController.swift in Sources */,
				A57D3A2B25B489F0005C3338 /* AppDelegate.swift in Sources */,
				A51809C625B569BE00E0B589 /* GifInfo.swift in Sources */,
				A57D3A2D25B489F0005C3338 /* SceneDelegate.swift in Sources */,
			);
			runOnlyForDeploymentPostprocessing = 0;
		};
/* End PBXSourcesBuildPhase section */

/* Begin PBXVariantGroup section */
		A57D3A3025B489F0005C3338 /* Main.storyboard */ = {
			isa = PBXVariantGroup;
			children = (
				A57D3A3125B489F0005C3338 /* Base */,
			);
			name = Main.storyboard;
			sourceTree = "<group>";
		};
		A57D3A3525B489F2005C3338 /* LaunchScreen.storyboard */ = {
			isa = PBXVariantGroup;
			children = (
				A57D3A3625B489F2005C3338 /* Base */,
			);
			name = LaunchScreen.storyboard;
			sourceTree = "<group>";
		};
/* End PBXVariantGroup section */

/* Begin XCBuildConfiguration section */
		A57D3A3925B489F2005C3338 /* Debug */ = {
			isa = XCBuildConfiguration;
			buildSettings = {
				ALWAYS_SEARCH_USER_PATHS = NO;
				CLANG_ANALYZER_NONNULL = YES;
				CLANG_ANALYZER_NUMBER_OBJECT_CONVERSION = YES_AGGRESSIVE;
				CLANG_CXX_LANGUAGE_STANDARD = "gnu++14";
				CLANG_CXX_LIBRARY = "libc++";
				CLANG_ENABLE_MODULES = YES;
				CLANG_ENABLE_OBJC_ARC = YES;
				CLANG_ENABLE_OBJC_WEAK = YES;
				CLANG_WARN_BLOCK_CAPTURE_AUTORELEASING = YES;
				CLANG_WARN_BOOL_CONVERSION = YES;
				CLANG_WARN_COMMA = YES;
				CLANG_WARN_CONSTANT_CONVERSION = YES;
				CLANG_WARN_DEPRECATED_OBJC_IMPLEMENTATIONS = YES;
				CLANG_WARN_DIRECT_OBJC_ISA_USAGE = YES_ERROR;
				CLANG_WARN_DOCUMENTATION_COMMENTS = YES;
				CLANG_WARN_EMPTY_BODY = YES;
				CLANG_WARN_ENUM_CONVERSION = YES;
				CLANG_WARN_INFINITE_RECURSION = YES;
				CLANG_WARN_INT_CONVERSION = YES;
				CLANG_WARN_NON_LITERAL_NULL_CONVERSION = YES;
				CLANG_WARN_OBJC_IMPLICIT_RETAIN_SELF = YES;
				CLANG_WARN_OBJC_LITERAL_CONVERSION = YES;
				CLANG_WARN_OBJC_ROOT_CLASS = YES_ERROR;
				CLANG_WARN_QUOTED_INCLUDE_IN_FRAMEWORK_HEADER = YES;
				CLANG_WARN_RANGE_LOOP_ANALYSIS = YES;
				CLANG_WARN_STRICT_PROTOTYPES = YES;
				CLANG_WARN_SUSPICIOUS_MOVE = YES;
				CLANG_WARN_UNGUARDED_AVAILABILITY = YES_AGGRESSIVE;
				CLANG_WARN_UNREACHABLE_CODE = YES;
				CLANG_WARN__DUPLICATE_METHOD_MATCH = YES;
				COPY_PHASE_STRIP = NO;
				DEBUG_INFORMATION_FORMAT = dwarf;
				ENABLE_STRICT_OBJC_MSGSEND = YES;
				ENABLE_TESTABILITY = YES;
				GCC_C_LANGUAGE_STANDARD = gnu11;
				GCC_DYNAMIC_NO_PIC = NO;
				GCC_NO_COMMON_BLOCKS = YES;
				GCC_OPTIMIZATION_LEVEL = 0;
				GCC_PREPROCESSOR_DEFINITIONS = (
					"DEBUG=1",
					"$(inherited)",
				);
				GCC_WARN_64_TO_32_BIT_CONVERSION = YES;
				GCC_WARN_ABOUT_RETURN_TYPE = YES_ERROR;
				GCC_WARN_UNDECLARED_SELECTOR = YES;
				GCC_WARN_UNINITIALIZED_AUTOS = YES_AGGRESSIVE;
				GCC_WARN_UNUSED_FUNCTION = YES;
				GCC_WARN_UNUSED_VARIABLE = YES;
				IPHONEOS_DEPLOYMENT_TARGET = 14.0;
				MTL_ENABLE_DEBUG_INFO = INCLUDE_SOURCE;
				MTL_FAST_MATH = YES;
				ONLY_ACTIVE_ARCH = YES;
				SDKROOT = iphoneos;
				SWIFT_ACTIVE_COMPILATION_CONDITIONS = DEBUG;
				SWIFT_OPTIMIZATION_LEVEL = "-Onone";
			};
			name = Debug;
		};
		A57D3A3A25B489F2005C3338 /* Release */ = {
			isa = XCBuildConfiguration;
			buildSettings = {
				ALWAYS_SEARCH_USER_PATHS = NO;
				CLANG_ANALYZER_NONNULL = YES;
				CLANG_ANALYZER_NUMBER_OBJECT_CONVERSION = YES_AGGRESSIVE;
				CLANG_CXX_LANGUAGE_STANDARD = "gnu++14";
				CLANG_CXX_LIBRARY = "libc++";
				CLANG_ENABLE_MODULES = YES;
				CLANG_ENABLE_OBJC_ARC = YES;
				CLANG_ENABLE_OBJC_WEAK = YES;
				CLANG_WARN_BLOCK_CAPTURE_AUTORELEASING = YES;
				CLANG_WARN_BOOL_CONVERSION = YES;
				CLANG_WARN_COMMA = YES;
				CLANG_WARN_CONSTANT_CONVERSION = YES;
				CLANG_WARN_DEPRECATED_OBJC_IMPLEMENTATIONS = YES;
				CLANG_WARN_DIRECT_OBJC_ISA_USAGE = YES_ERROR;
				CLANG_WARN_DOCUMENTATION_COMMENTS = YES;
				CLANG_WARN_EMPTY_BODY = YES;
				CLANG_WARN_ENUM_CONVERSION = YES;
				CLANG_WARN_INFINITE_RECURSION = YES;
				CLANG_WARN_INT_CONVERSION = YES;
				CLANG_WARN_NON_LITERAL_NULL_CONVERSION = YES;
				CLANG_WARN_OBJC_IMPLICIT_RETAIN_SELF = YES;
				CLANG_WARN_OBJC_LITERAL_CONVERSION = YES;
				CLANG_WARN_OBJC_ROOT_CLASS = YES_ERROR;
				CLANG_WARN_QUOTED_INCLUDE_IN_FRAMEWORK_HEADER = YES;
				CLANG_WARN_RANGE_LOOP_ANALYSIS = YES;
				CLANG_WARN_STRICT_PROTOTYPES = YES;
				CLANG_WARN_SUSPICIOUS_MOVE = YES;
				CLANG_WARN_UNGUARDED_AVAILABILITY = YES_AGGRESSIVE;
				CLANG_WARN_UNREACHABLE_CODE = YES;
				CLANG_WARN__DUPLICATE_METHOD_MATCH = YES;
				COPY_PHASE_STRIP = NO;
				DEBUG_INFORMATION_FORMAT = "dwarf-with-dsym";
				ENABLE_NS_ASSERTIONS = NO;
				ENABLE_STRICT_OBJC_MSGSEND = YES;
				GCC_C_LANGUAGE_STANDARD = gnu11;
				GCC_NO_COMMON_BLOCKS = YES;
				GCC_WARN_64_TO_32_BIT_CONVERSION = YES;
				GCC_WARN_ABOUT_RETURN_TYPE = YES_ERROR;
				GCC_WARN_UNDECLARED_SELECTOR = YES;
				GCC_WARN_UNINITIALIZED_AUTOS = YES_AGGRESSIVE;
				GCC_WARN_UNUSED_FUNCTION = YES;
				GCC_WARN_UNUSED_VARIABLE = YES;
				IPHONEOS_DEPLOYMENT_TARGET = 14.0;
				MTL_ENABLE_DEBUG_INFO = NO;
				MTL_FAST_MATH = YES;
				SDKROOT = iphoneos;
				SWIFT_COMPILATION_MODE = wholemodule;
				SWIFT_OPTIMIZATION_LEVEL = "-O";
				VALIDATE_PRODUCT = YES;
			};
			name = Release;
		};
		A57D3A3C25B489F2005C3338 /* Debug */ = {
			isa = XCBuildConfiguration;
			buildSettings = {
				ASSETCATALOG_COMPILER_APPICON_NAME = AppIcon;
				ASSETCATALOG_COMPILER_GLOBAL_ACCENT_COLOR_NAME = AccentColor;
				CODE_SIGN_STYLE = Automatic;
				DEVELOPMENT_TEAM = 735P3R8MUU;
				INFOPLIST_FILE = GifApp/Info.plist;
				LD_RUNPATH_SEARCH_PATHS = (
					"$(inherited)",
					"@executable_path/Frameworks",
				);
				PRODUCT_BUNDLE_IDENTIFIER = com.hanseop.GifApp;
				PRODUCT_NAME = "$(TARGET_NAME)";
				SWIFT_VERSION = 5.0;
				TARGETED_DEVICE_FAMILY = 1;
			};
			name = Debug;
		};
		A57D3A3D25B489F2005C3338 /* Release */ = {
			isa = XCBuildConfiguration;
			buildSettings = {
				ASSETCATALOG_COMPILER_APPICON_NAME = AppIcon;
				ASSETCATALOG_COMPILER_GLOBAL_ACCENT_COLOR_NAME = AccentColor;
				CODE_SIGN_STYLE = Automatic;
				DEVELOPMENT_TEAM = 735P3R8MUU;
				INFOPLIST_FILE = GifApp/Info.plist;
				LD_RUNPATH_SEARCH_PATHS = (
					"$(inherited)",
					"@executable_path/Frameworks",
				);
				PRODUCT_BUNDLE_IDENTIFIER = com.hanseop.GifApp;
				PRODUCT_NAME = "$(TARGET_NAME)";
				SWIFT_VERSION = 5.0;
				TARGETED_DEVICE_FAMILY = 1;
			};
			name = Release;
		};
/* End XCBuildConfiguration section */

/* Begin XCConfigurationList section */
		A57D3A2225B489F0005C3338 /* Build configuration list for PBXProject "GifApp" */ = {
			isa = XCConfigurationList;
			buildConfigurations = (
				A57D3A3925B489F2005C3338 /* Debug */,
				A57D3A3A25B489F2005C3338 /* Release */,
			);
			defaultConfigurationIsVisible = 0;
			defaultConfigurationName = Release;
		};
		A57D3A3B25B489F2005C3338 /* Build configuration list for PBXNativeTarget "GifApp" */ = {
			isa = XCConfigurationList;
			buildConfigurations = (
				A57D3A3C25B489F2005C3338 /* Debug */,
				A57D3A3D25B489F2005C3338 /* Release */,
			);
			defaultConfigurationIsVisible = 0;
			defaultConfigurationName = Release;
		};
/* End XCConfigurationList section */
	};
	rootObject = A57D3A1F25B489F0005C3338 /* Project object */;
}
