// !$*UTF8*$!
{
	archiveVersion = 1;
	classes = {
	};
	objectVersion = 50;
	objects = {

/* Begin PBXBuildFile section */
		A51809C625B569BE00E0B589 /* GifInfo.swift in Sources */ = {isa = PBXBuildFile; fileRef = A51809C525B569BE00E0B589 /* GifInfo.swift */; };
		A51809D725B5757300E0B589 /* GifCell.swift in Sources */ = {isa = PBXBuildFile; fileRef = A51809D525B5757300E0B589 /* GifCell.swift */; };
		A51809D825B5757300E0B589 /* GifCell.xib in Resources */ = {isa = PBXBuildFile; fileRef = A51809D625B5757300E0B589 /* GifCell.xib */; };
		A57D3A2B25B489F0005C3338 /* AppDelegate.swift in Sources */ = {isa = PBXBuildFile; fileRef = A57D3A2A25B489F0005C3338 /* AppDelegate.swift */; };
		A57D3A2D25B489F0005C3338 /* SceneDelegate.swift in Sources */ = {isa = PBXBuildFile; fileRef = A57D3A2C25B489F0005C3338 /* SceneDelegate.swift */; };
		A57D3A2F25B489F0005C3338 /* SearchViewController.swift in Sources */ = {isa = PBXBuildFile; fileRef = A57D3A2E25B489F0005C3338 /* SearchViewController.swift */; };
		A57D3A3225B489F0005C3338 /* Main.storyboard in Resources */ = {isa = PBXBuildFile; fileRef = A57D3A3025B489F0005C3338 /* Main.storyboard */; };
		A57D3A3425B489F2005C3338 /* Assets.xcassets in Resources */ = {isa = PBXBuildFile; fileRef = A57D3A3325B489F2005C3338 /* Assets.xcassets */; };
		A57D3A3725B489F2005C3338 /* LaunchScreen.storyboard in Resources */ = {isa = PBXBuildFile; fileRef = A57D3A3525B489F2005C3338 /* LaunchScreen.storyboard */; };
		A5DA20F925B5A11C00B544D4 /* PinterestLayout.swift in Sources */ = {isa = PBXBuildFile; fileRef = A5DA20F825B5A11C00B544D4 /* PinterestLayout.swift */; };
		A5DA211025B6AB4300B544D4 /* DefaultRequesterTests.swift in Sources */ = {isa = PBXBuildFile; fileRef = A5DA210F25B6AB4300B544D4 /* DefaultRequesterTests.swift */; };
		A5DA213425B6AF5300B544D4 /* RequesterType.swift in Sources */ = {isa = PBXBuildFile; fileRef = A5DA213325B6AF5300B544D4 /* RequesterType.swift */; };
		A5DA213A25B6AF9700B544D4 /* DefaultRequester.swift in Sources */ = {isa = PBXBuildFile; fileRef = A5DA213925B6AF9700B544D4 /* DefaultRequester.swift */; };
		A5DA214025B6B29500B544D4 /* NetworkErrorTests.swift in Sources */ = {isa = PBXBuildFile; fileRef = A5DA213F25B6B29500B544D4 /* NetworkErrorTests.swift */; };
		A5DA214C25B6B63700B544D4 /* NetworkError.swift in Sources */ = {isa = PBXBuildFile; fileRef = A5DA214B25B6B63700B544D4 /* NetworkError.swift */; };
		A5DA215425B6B91E00B544D4 /* NetworkManagerTests.swift in Sources */ = {isa = PBXBuildFile; fileRef = A5DA215325B6B91E00B544D4 /* NetworkManagerTests.swift */; };
		A5DA215A25B6B98F00B544D4 /* MockURLSessionDataTask.swift in Sources */ = {isa = PBXBuildFile; fileRef = A5DA215925B6B98F00B544D4 /* MockURLSessionDataTask.swift */; };
		A5DA216025B6BA3500B544D4 /* MockSuccessRequester.swift in Sources */ = {isa = PBXBuildFile; fileRef = A5DA215F25B6BA3500B544D4 /* MockSuccessRequester.swift */; };
		A5DA216625B6BC5F00B544D4 /* NetworkManager.swift in Sources */ = {isa = PBXBuildFile; fileRef = A5DA216525B6BC5F00B544D4 /* NetworkManager.swift */; };
		A5DA216A25B6BC6700B544D4 /* NetworkManagerType.swift in Sources */ = {isa = PBXBuildFile; fileRef = A5DA216925B6BC6700B544D4 /* NetworkManagerType.swift */; };
		A5DA216E25B6BF5C00B544D4 /* HTTPMethodTests.swift in Sources */ = {isa = PBXBuildFile; fileRef = A5DA216D25B6BF5C00B544D4 /* HTTPMethodTests.swift */; };
		A5DA217225B6C02800B544D4 /* HTTPMethod.swift in Sources */ = {isa = PBXBuildFile; fileRef = A5DA217125B6C02800B544D4 /* HTTPMethod.swift */; };
		A5DA217F25B6CCA600B544D4 /* NetworkError+Equatable.swift in Sources */ = {isa = PBXBuildFile; fileRef = A5DA217E25B6CCA600B544D4 /* NetworkError+Equatable.swift */; };
/* End PBXBuildFile section */

/* Begin PBXContainerItemProxy section */
		A5DA211225B6AB4300B544D4 /* PBXContainerItemProxy */ = {
			isa = PBXContainerItemProxy;
			containerPortal = A57D3A1F25B489F0005C3338 /* Project object */;
			proxyType = 1;
			remoteGlobalIDString = A57D3A2625B489F0005C3338;
			remoteInfo = GifApp;
		};
/* End PBXContainerItemProxy section */

/* Begin PBXFileReference section */
		A51809C525B569BE00E0B589 /* GifInfo.swift */ = {isa = PBXFileReference; lastKnownFileType = sourcecode.swift; path = GifInfo.swift; sourceTree = "<group>"; };
		A51809D525B5757300E0B589 /* GifCell.swift */ = {isa = PBXFileReference; lastKnownFileType = sourcecode.swift; path = GifCell.swift; sourceTree = "<group>"; };
		A51809D625B5757300E0B589 /* GifCell.xib */ = {isa = PBXFileReference; lastKnownFileType = file.xib; path = GifCell.xib; sourceTree = "<group>"; };
		A57D3A2725B489F0005C3338 /* GifApp.app */ = {isa = PBXFileReference; explicitFileType = wrapper.application; includeInIndex = 0; path = GifApp.app; sourceTree = BUILT_PRODUCTS_DIR; };
		A57D3A2A25B489F0005C3338 /* AppDelegate.swift */ = {isa = PBXFileReference; lastKnownFileType = sourcecode.swift; path = AppDelegate.swift; sourceTree = "<group>"; };
		A57D3A2C25B489F0005C3338 /* SceneDelegate.swift */ = {isa = PBXFileReference; lastKnownFileType = sourcecode.swift; path = SceneDelegate.swift; sourceTree = "<group>"; };
		A57D3A2E25B489F0005C3338 /* SearchViewController.swift */ = {isa = PBXFileReference; lastKnownFileType = sourcecode.swift; path = SearchViewController.swift; sourceTree = "<group>"; };
		A57D3A3125B489F0005C3338 /* Base */ = {isa = PBXFileReference; lastKnownFileType = file.storyboard; name = Base; path = Base.lproj/Main.storyboard; sourceTree = "<group>"; };
		A57D3A3325B489F2005C3338 /* Assets.xcassets */ = {isa = PBXFileReference; lastKnownFileType = folder.assetcatalog; path = Assets.xcassets; sourceTree = "<group>"; };
		A57D3A3625B489F2005C3338 /* Base */ = {isa = PBXFileReference; lastKnownFileType = file.storyboard; name = Base; path = Base.lproj/LaunchScreen.storyboard; sourceTree = "<group>"; };
		A57D3A3825B489F2005C3338 /* Info.plist */ = {isa = PBXFileReference; lastKnownFileType = text.plist.xml; path = Info.plist; sourceTree = "<group>"; };
		A5DA20F825B5A11C00B544D4 /* PinterestLayout.swift */ = {isa = PBXFileReference; lastKnownFileType = sourcecode.swift; path = PinterestLayout.swift; sourceTree = "<group>"; };
		A5DA210D25B6AB4300B544D4 /* GifAppTests.xctest */ = {isa = PBXFileReference; explicitFileType = wrapper.cfbundle; includeInIndex = 0; path = GifAppTests.xctest; sourceTree = BUILT_PRODUCTS_DIR; };
		A5DA210F25B6AB4300B544D4 /* DefaultRequesterTests.swift */ = {isa = PBXFileReference; lastKnownFileType = sourcecode.swift; path = DefaultRequesterTests.swift; sourceTree = "<group>"; };
		A5DA211125B6AB4300B544D4 /* Info.plist */ = {isa = PBXFileReference; lastKnownFileType = text.plist.xml; path = Info.plist; sourceTree = "<group>"; };
		A5DA213325B6AF5300B544D4 /* RequesterType.swift */ = {isa = PBXFileReference; lastKnownFileType = sourcecode.swift; path = RequesterType.swift; sourceTree = "<group>"; };
		A5DA213925B6AF9700B544D4 /* DefaultRequester.swift */ = {isa = PBXFileReference; lastKnownFileType = sourcecode.swift; path = DefaultRequester.swift; sourceTree = "<group>"; };
		A5DA213F25B6B29500B544D4 /* NetworkErrorTests.swift */ = {isa = PBXFileReference; lastKnownFileType = sourcecode.swift; path = NetworkErrorTests.swift; sourceTree = "<group>"; };
		A5DA214B25B6B63700B544D4 /* NetworkError.swift */ = {isa = PBXFileReference; lastKnownFileType = sourcecode.swift; path = NetworkError.swift; sourceTree = "<group>"; };
		A5DA215325B6B91E00B544D4 /* NetworkManagerTests.swift */ = {isa = PBXFileReference; lastKnownFileType = sourcecode.swift; path = NetworkManagerTests.swift; sourceTree = "<group>"; };
		A5DA215925B6B98F00B544D4 /* MockURLSessionDataTask.swift */ = {isa = PBXFileReference; lastKnownFileType = sourcecode.swift; path = MockURLSessionDataTask.swift; sourceTree = "<group>"; };
		A5DA215F25B6BA3500B544D4 /* MockSuccessRequester.swift */ = {isa = PBXFileReference; lastKnownFileType = sourcecode.swift; path = MockSuccessRequester.swift; sourceTree = "<group>"; };
		A5DA216525B6BC5F00B544D4 /* NetworkManager.swift */ = {isa = PBXFileReference; lastKnownFileType = sourcecode.swift; path = NetworkManager.swift; sourceTree = "<group>"; };
		A5DA216925B6BC6700B544D4 /* NetworkManagerType.swift */ = {isa = PBXFileReference; lastKnownFileType = sourcecode.swift; path = NetworkManagerType.swift; sourceTree = "<group>"; };
		A5DA216D25B6BF5C00B544D4 /* HTTPMethodTests.swift */ = {isa = PBXFileReference; lastKnownFileType = sourcecode.swift; path = HTTPMethodTests.swift; sourceTree = "<group>"; };
		A5DA217125B6C02800B544D4 /* HTTPMethod.swift */ = {isa = PBXFileReference; lastKnownFileType = sourcecode.swift; path = HTTPMethod.swift; sourceTree = "<group>"; };
		A5DA217E25B6CCA600B544D4 /* NetworkError+Equatable.swift */ = {isa = PBXFileReference; lastKnownFileType = sourcecode.swift; path = "NetworkError+Equatable.swift"; sourceTree = "<group>"; };
/* End PBXFileReference section */

/* Begin PBXFrameworksBuildPhase section */
		A57D3A2425B489F0005C3338 /* Frameworks */ = {
			isa = PBXFrameworksBuildPhase;
			buildActionMask = 2147483647;
			files = (
			);
			runOnlyForDeploymentPostprocessing = 0;
		};
		A5DA210A25B6AB4300B544D4 /* Frameworks */ = {
			isa = PBXFrameworksBuildPhase;
			buildActionMask = 2147483647;
			files = (
			);
			runOnlyForDeploymentPostprocessing = 0;
		};
/* End PBXFrameworksBuildPhase section */

/* Begin PBXGroup section */
		A51809C225B5676900E0B589 /* Scene */ = {
			isa = PBXGroup;
			children = (
				A51809D425B5756000E0B589 /* SearchView */,
			);
			path = Scene;
			sourceTree = "<group>";
		};
		A51809C425B569AA00E0B589 /* Model */ = {
			isa = PBXGroup;
			children = (
				A51809C525B569BE00E0B589 /* GifInfo.swift */,
			);
			path = Model;
			sourceTree = "<group>";
		};
		A51809D425B5756000E0B589 /* SearchView */ = {
			isa = PBXGroup;
			children = (
				A57D3A2E25B489F0005C3338 /* SearchViewController.swift */,
				A51809D525B5757300E0B589 /* GifCell.swift */,
				A51809D625B5757300E0B589 /* GifCell.xib */,
			);
			path = SearchView;
			sourceTree = "<group>";
		};
		A57D3A1E25B489F0005C3338 = {
			isa = PBXGroup;
			children = (
				A57D3A2925B489F0005C3338 /* GifApp */,
				A5DA210E25B6AB4300B544D4 /* GifAppTests */,
				A57D3A2825B489F0005C3338 /* Products */,
			);
			sourceTree = "<group>";
		};
		A57D3A2825B489F0005C3338 /* Products */ = {
			isa = PBXGroup;
			children = (
				A57D3A2725B489F0005C3338 /* GifApp.app */,
				A5DA210D25B6AB4300B544D4 /* GifAppTests.xctest */,
			);
			name = Products;
			sourceTree = "<group>";
		};
		A57D3A2925B489F0005C3338 /* GifApp */ = {
			isa = PBXGroup;
			children = (
				A5DA20F625B5A10700B544D4 /* Common */,
				A51809C425B569AA00E0B589 /* Model */,
				A51809C225B5676900E0B589 /* Scene */,
				A57D3A3025B489F0005C3338 /* Main.storyboard */,
				A57D3A3525B489F2005C3338 /* LaunchScreen.storyboard */,
				A57D3A2A25B489F0005C3338 /* AppDelegate.swift */,
				A57D3A2C25B489F0005C3338 /* SceneDelegate.swift */,
				A57D3A3325B489F2005C3338 /* Assets.xcassets */,
				A57D3A3825B489F2005C3338 /* Info.plist */,
			);
			path = GifApp;
			sourceTree = "<group>";
		};
		A5DA20F625B5A10700B544D4 /* Common */ = {
			isa = PBXGroup;
			children = (
				A5DA213125B6AF4500B544D4 /* Network */,
				A5DA20F725B5A10B00B544D4 /* Layout */,
			);
			path = Common;
			sourceTree = "<group>";
		};
		A5DA20F725B5A10B00B544D4 /* Layout */ = {
			isa = PBXGroup;
			children = (
				A5DA20F825B5A11C00B544D4 /* PinterestLayout.swift */,
			);
			path = Layout;
			sourceTree = "<group>";
		};
		A5DA210E25B6AB4300B544D4 /* GifAppTests */ = {
			isa = PBXGroup;
			children = (
				A5DA217D25B6CC9900B544D4 /* Extension */,
				A5DA215725B6B96E00B544D4 /* Test Double */,
				A5DA212625B6ADE100B544D4 /* Network */,
				A5DA211125B6AB4300B544D4 /* Info.plist */,
			);
			path = GifAppTests;
			sourceTree = "<group>";
		};
		A5DA212625B6ADE100B544D4 /* Network */ = {
			isa = PBXGroup;
			children = (
				A5DA210F25B6AB4300B544D4 /* DefaultRequesterTests.swift */,
				A5DA213F25B6B29500B544D4 /* NetworkErrorTests.swift */,
				A5DA215325B6B91E00B544D4 /* NetworkManagerTests.swift */,
				A5DA216D25B6BF5C00B544D4 /* HTTPMethodTests.swift */,
			);
			path = Network;
			sourceTree = "<group>";
		};
		A5DA213125B6AF4500B544D4 /* Network */ = {
			isa = PBXGroup;
			children = (
				A5DA213225B6AF4900B544D4 /* Protocol */,
				A5DA213925B6AF9700B544D4 /* DefaultRequester.swift */,
				A5DA214B25B6B63700B544D4 /* NetworkError.swift */,
				A5DA216525B6BC5F00B544D4 /* NetworkManager.swift */,
				A5DA217125B6C02800B544D4 /* HTTPMethod.swift */,
			);
			path = Network;
			sourceTree = "<group>";
		};
		A5DA213225B6AF4900B544D4 /* Protocol */ = {
			isa = PBXGroup;
			children = (
				A5DA213325B6AF5300B544D4 /* RequesterType.swift */,
				A5DA216925B6BC6700B544D4 /* NetworkManagerType.swift */,
			);
			path = Protocol;
			sourceTree = "<group>";
		};
		A5DA215725B6B96E00B544D4 /* Test Double */ = {
			isa = PBXGroup;
			children = (
				A5DA215825B6B97C00B544D4 /* Mock */,
			);
			path = "Test Double";
			sourceTree = "<group>";
		};
		A5DA215825B6B97C00B544D4 /* Mock */ = {
			isa = PBXGroup;
			children = (
				A5DA215925B6B98F00B544D4 /* MockURLSessionDataTask.swift */,
				A5DA215F25B6BA3500B544D4 /* MockSuccessRequester.swift */,
			);
			path = Mock;
			sourceTree = "<group>";
		};
		A5DA217D25B6CC9900B544D4 /* Extension */ = {
			isa = PBXGroup;
			children = (
				A5DA217E25B6CCA600B544D4 /* NetworkError+Equatable.swift */,
			);
			path = Extension;
			sourceTree = "<group>";
		};
/* End PBXGroup section */

/* Begin PBXNativeTarget section */
		A57D3A2625B489F0005C3338 /* GifApp */ = {
			isa = PBXNativeTarget;
			buildConfigurationList = A57D3A3B25B489F2005C3338 /* Build configuration list for PBXNativeTarget "GifApp" */;
			buildPhases = (
				A57D3A2325B489F0005C3338 /* Sources */,
				A57D3A2425B489F0005C3338 /* Frameworks */,
				A57D3A2525B489F0005C3338 /* Resources */,
			);
			buildRules = (
			);
			dependencies = (
			);
			name = GifApp;
			productName = GifApp;
			productReference = A57D3A2725B489F0005C3338 /* GifApp.app */;
			productType = "com.apple.product-type.application";
		};
		A5DA210C25B6AB4300B544D4 /* GifAppTests */ = {
			isa = PBXNativeTarget;
			buildConfigurationList = A5DA211425B6AB4300B544D4 /* Build configuration list for PBXNativeTarget "GifAppTests" */;
			buildPhases = (
				A5DA210925B6AB4300B544D4 /* Sources */,
				A5DA210A25B6AB4300B544D4 /* Frameworks */,
				A5DA210B25B6AB4300B544D4 /* Resources */,
			);
			buildRules = (
			);
			dependencies = (
				A5DA211325B6AB4300B544D4 /* PBXTargetDependency */,
			);
			name = GifAppTests;
			productName = GifAppTests;
			productReference = A5DA210D25B6AB4300B544D4 /* GifAppTests.xctest */;
			productType = "com.apple.product-type.bundle.unit-test";
		};
/* End PBXNativeTarget section */

/* Begin PBXProject section */
		A57D3A1F25B489F0005C3338 /* Project object */ = {
			isa = PBXProject;
			attributes = {
				LastSwiftUpdateCheck = 1220;
				LastUpgradeCheck = 1220;
				TargetAttributes = {
					A57D3A2625B489F0005C3338 = {
						CreatedOnToolsVersion = 12.2;
					};
					A5DA210C25B6AB4300B544D4 = {
						CreatedOnToolsVersion = 12.2;
						TestTargetID = A57D3A2625B489F0005C3338;
					};
				};
			};
			buildConfigurationList = A57D3A2225B489F0005C3338 /* Build configuration list for PBXProject "GifApp" */;
			compatibilityVersion = "Xcode 9.3";
			developmentRegion = en;
			hasScannedForEncodings = 0;
			knownRegions = (
				en,
				Base,
			);
			mainGroup = A57D3A1E25B489F0005C3338;
			productRefGroup = A57D3A2825B489F0005C3338 /* Products */;
			projectDirPath = "";
			projectRoot = "";
			targets = (
				A57D3A2625B489F0005C3338 /* GifApp */,
				A5DA210C25B6AB4300B544D4 /* GifAppTests */,
			);
		};
/* End PBXProject section */

/* Begin PBXResourcesBuildPhase section */
		A57D3A2525B489F0005C3338 /* Resources */ = {
			isa = PBXResourcesBuildPhase;
			buildActionMask = 2147483647;
			files = (
				A57D3A3725B489F2005C3338 /* LaunchScreen.storyboard in Resources */,
				A57D3A3425B489F2005C3338 /* Assets.xcassets in Resources */,
				A51809D825B5757300E0B589 /* GifCell.xib in Resources */,
				A57D3A3225B489F0005C3338 /* Main.storyboard in Resources */,
			);
			runOnlyForDeploymentPostprocessing = 0;
		};
		A5DA210B25B6AB4300B544D4 /* Resources */ = {
			isa = PBXResourcesBuildPhase;
			buildActionMask = 2147483647;
			files = (
			);
			runOnlyForDeploymentPostprocessing = 0;
		};
/* End PBXResourcesBuildPhase section */

/* Begin PBXSourcesBuildPhase section */
		A57D3A2325B489F0005C3338 /* Sources */ = {
			isa = PBXSourcesBuildPhase;
			buildActionMask = 2147483647;
			files = (
				A5DA216A25B6BC6700B544D4 /* NetworkManagerType.swift in Sources */,
				A5DA20F925B5A11C00B544D4 /* PinterestLayout.swift in Sources */,
				A57D3A2F25B489F0005C3338 /* SearchViewController.swift in Sources */,
				A5DA216625B6BC5F00B544D4 /* NetworkManager.swift in Sources */,
				A57D3A2B25B489F0005C3338 /* AppDelegate.swift in Sources */,
				A5DA213425B6AF5300B544D4 /* RequesterType.swift in Sources */,
				A51809D725B5757300E0B589 /* GifCell.swift in Sources */,
				A51809C625B569BE00E0B589 /* GifInfo.swift in Sources */,
				A5DA217225B6C02800B544D4 /* HTTPMethod.swift in Sources */,
				A5DA214C25B6B63700B544D4 /* NetworkError.swift in Sources */,
				A5DA213A25B6AF9700B544D4 /* DefaultRequester.swift in Sources */,
				A57D3A2D25B489F0005C3338 /* SceneDelegate.swift in Sources */,
			);
			runOnlyForDeploymentPostprocessing = 0;
		};
		A5DA210925B6AB4300B544D4 /* Sources */ = {
			isa = PBXSourcesBuildPhase;
			buildActionMask = 2147483647;
			files = (
				A5DA216E25B6BF5C00B544D4 /* HTTPMethodTests.swift in Sources */,
				A5DA215425B6B91E00B544D4 /* NetworkManagerTests.swift in Sources */,
				A5DA215A25B6B98F00B544D4 /* MockURLSessionDataTask.swift in Sources */,
				A5DA217F25B6CCA600B544D4 /* NetworkError+Equatable.swift in Sources */,
				A5DA211025B6AB4300B544D4 /* DefaultRequesterTests.swift in Sources */,
				A5DA214025B6B29500B544D4 /* NetworkErrorTests.swift in Sources */,
				A5DA216025B6BA3500B544D4 /* MockSuccessRequester.swift in Sources */,
			);
			runOnlyForDeploymentPostprocessing = 0;
		};
/* End PBXSourcesBuildPhase section */

/* Begin PBXTargetDependency section */
		A5DA211325B6AB4300B544D4 /* PBXTargetDependency */ = {
			isa = PBXTargetDependency;
			target = A57D3A2625B489F0005C3338 /* GifApp */;
			targetProxy = A5DA211225B6AB4300B544D4 /* PBXContainerItemProxy */;
		};
/* End PBXTargetDependency section */

/* Begin PBXVariantGroup section */
		A57D3A3025B489F0005C3338 /* Main.storyboard */ = {
			isa = PBXVariantGroup;
			children = (
				A57D3A3125B489F0005C3338 /* Base */,
			);
			name = Main.storyboard;
			sourceTree = "<group>";
		};
		A57D3A3525B489F2005C3338 /* LaunchScreen.storyboard */ = {
			isa = PBXVariantGroup;
			children = (
				A57D3A3625B489F2005C3338 /* Base */,
			);
			name = LaunchScreen.storyboard;
			sourceTree = "<group>";
		};
/* End PBXVariantGroup section */

/* Begin XCBuildConfiguration section */
		A57D3A3925B489F2005C3338 /* Debug */ = {
			isa = XCBuildConfiguration;
			buildSettings = {
				ALWAYS_SEARCH_USER_PATHS = NO;
				CLANG_ANALYZER_NONNULL = YES;
				CLANG_ANALYZER_NUMBER_OBJECT_CONVERSION = YES_AGGRESSIVE;
				CLANG_CXX_LANGUAGE_STANDARD = "gnu++14";
				CLANG_CXX_LIBRARY = "libc++";
				CLANG_ENABLE_MODULES = YES;
				CLANG_ENABLE_OBJC_ARC = YES;
				CLANG_ENABLE_OBJC_WEAK = YES;
				CLANG_WARN_BLOCK_CAPTURE_AUTORELEASING = YES;
				CLANG_WARN_BOOL_CONVERSION = YES;
				CLANG_WARN_COMMA = YES;
				CLANG_WARN_CONSTANT_CONVERSION = YES;
				CLANG_WARN_DEPRECATED_OBJC_IMPLEMENTATIONS = YES;
				CLANG_WARN_DIRECT_OBJC_ISA_USAGE = YES_ERROR;
				CLANG_WARN_DOCUMENTATION_COMMENTS = YES;
				CLANG_WARN_EMPTY_BODY = YES;
				CLANG_WARN_ENUM_CONVERSION = YES;
				CLANG_WARN_INFINITE_RECURSION = YES;
				CLANG_WARN_INT_CONVERSION = YES;
				CLANG_WARN_NON_LITERAL_NULL_CONVERSION = YES;
				CLANG_WARN_OBJC_IMPLICIT_RETAIN_SELF = YES;
				CLANG_WARN_OBJC_LITERAL_CONVERSION = YES;
				CLANG_WARN_OBJC_ROOT_CLASS = YES_ERROR;
				CLANG_WARN_QUOTED_INCLUDE_IN_FRAMEWORK_HEADER = YES;
				CLANG_WARN_RANGE_LOOP_ANALYSIS = YES;
				CLANG_WARN_STRICT_PROTOTYPES = YES;
				CLANG_WARN_SUSPICIOUS_MOVE = YES;
				CLANG_WARN_UNGUARDED_AVAILABILITY = YES_AGGRESSIVE;
				CLANG_WARN_UNREACHABLE_CODE = YES;
				CLANG_WARN__DUPLICATE_METHOD_MATCH = YES;
				COPY_PHASE_STRIP = NO;
				DEBUG_INFORMATION_FORMAT = dwarf;
				ENABLE_STRICT_OBJC_MSGSEND = YES;
				ENABLE_TESTABILITY = YES;
				GCC_C_LANGUAGE_STANDARD = gnu11;
				GCC_DYNAMIC_NO_PIC = NO;
				GCC_NO_COMMON_BLOCKS = YES;
				GCC_OPTIMIZATION_LEVEL = 0;
				GCC_PREPROCESSOR_DEFINITIONS = (
					"DEBUG=1",
					"$(inherited)",
				);
				GCC_WARN_64_TO_32_BIT_CONVERSION = YES;
				GCC_WARN_ABOUT_RETURN_TYPE = YES_ERROR;
				GCC_WARN_UNDECLARED_SELECTOR = YES;
				GCC_WARN_UNINITIALIZED_AUTOS = YES_AGGRESSIVE;
				GCC_WARN_UNUSED_FUNCTION = YES;
				GCC_WARN_UNUSED_VARIABLE = YES;
				IPHONEOS_DEPLOYMENT_TARGET = 13.0;
				MTL_ENABLE_DEBUG_INFO = INCLUDE_SOURCE;
				MTL_FAST_MATH = YES;
				ONLY_ACTIVE_ARCH = YES;
				SDKROOT = iphoneos;
				SWIFT_ACTIVE_COMPILATION_CONDITIONS = DEBUG;
				SWIFT_OPTIMIZATION_LEVEL = "-Onone";
			};
			name = Debug;
		};
		A57D3A3A25B489F2005C3338 /* Release */ = {
			isa = XCBuildConfiguration;
			buildSettings = {
				ALWAYS_SEARCH_USER_PATHS = NO;
				CLANG_ANALYZER_NONNULL = YES;
				CLANG_ANALYZER_NUMBER_OBJECT_CONVERSION = YES_AGGRESSIVE;
				CLANG_CXX_LANGUAGE_STANDARD = "gnu++14";
				CLANG_CXX_LIBRARY = "libc++";
				CLANG_ENABLE_MODULES = YES;
				CLANG_ENABLE_OBJC_ARC = YES;
				CLANG_ENABLE_OBJC_WEAK = YES;
				CLANG_WARN_BLOCK_CAPTURE_AUTORELEASING = YES;
				CLANG_WARN_BOOL_CONVERSION = YES;
				CLANG_WARN_COMMA = YES;
				CLANG_WARN_CONSTANT_CONVERSION = YES;
				CLANG_WARN_DEPRECATED_OBJC_IMPLEMENTATIONS = YES;
				CLANG_WARN_DIRECT_OBJC_ISA_USAGE = YES_ERROR;
				CLANG_WARN_DOCUMENTATION_COMMENTS = YES;
				CLANG_WARN_EMPTY_BODY = YES;
				CLANG_WARN_ENUM_CONVERSION = YES;
				CLANG_WARN_INFINITE_RECURSION = YES;
				CLANG_WARN_INT_CONVERSION = YES;
				CLANG_WARN_NON_LITERAL_NULL_CONVERSION = YES;
				CLANG_WARN_OBJC_IMPLICIT_RETAIN_SELF = YES;
				CLANG_WARN_OBJC_LITERAL_CONVERSION = YES;
				CLANG_WARN_OBJC_ROOT_CLASS = YES_ERROR;
				CLANG_WARN_QUOTED_INCLUDE_IN_FRAMEWORK_HEADER = YES;
				CLANG_WARN_RANGE_LOOP_ANALYSIS = YES;
				CLANG_WARN_STRICT_PROTOTYPES = YES;
				CLANG_WARN_SUSPICIOUS_MOVE = YES;
				CLANG_WARN_UNGUARDED_AVAILABILITY = YES_AGGRESSIVE;
				CLANG_WARN_UNREACHABLE_CODE = YES;
				CLANG_WARN__DUPLICATE_METHOD_MATCH = YES;
				COPY_PHASE_STRIP = NO;
				DEBUG_INFORMATION_FORMAT = "dwarf-with-dsym";
				ENABLE_NS_ASSERTIONS = NO;
				ENABLE_STRICT_OBJC_MSGSEND = YES;
				GCC_C_LANGUAGE_STANDARD = gnu11;
				GCC_NO_COMMON_BLOCKS = YES;
				GCC_WARN_64_TO_32_BIT_CONVERSION = YES;
				GCC_WARN_ABOUT_RETURN_TYPE = YES_ERROR;
				GCC_WARN_UNDECLARED_SELECTOR = YES;
				GCC_WARN_UNINITIALIZED_AUTOS = YES_AGGRESSIVE;
				GCC_WARN_UNUSED_FUNCTION = YES;
				GCC_WARN_UNUSED_VARIABLE = YES;
				IPHONEOS_DEPLOYMENT_TARGET = 13.0;
				MTL_ENABLE_DEBUG_INFO = NO;
				MTL_FAST_MATH = YES;
				SDKROOT = iphoneos;
				SWIFT_COMPILATION_MODE = wholemodule;
				SWIFT_OPTIMIZATION_LEVEL = "-O";
				VALIDATE_PRODUCT = YES;
			};
			name = Release;
		};
		A57D3A3C25B489F2005C3338 /* Debug */ = {
			isa = XCBuildConfiguration;
			buildSettings = {
				ASSETCATALOG_COMPILER_APPICON_NAME = AppIcon;
				ASSETCATALOG_COMPILER_GLOBAL_ACCENT_COLOR_NAME = AccentColor;
				CODE_SIGN_STYLE = Automatic;
				DEVELOPMENT_TEAM = 735P3R8MUU;
				INFOPLIST_FILE = GifApp/Info.plist;
				LD_RUNPATH_SEARCH_PATHS = (
					"$(inherited)",
					"@executable_path/Frameworks",
				);
				PRODUCT_BUNDLE_IDENTIFIER = com.hanseop.GifApp;
				PRODUCT_NAME = "$(TARGET_NAME)";
				SWIFT_VERSION = 5.0;
				TARGETED_DEVICE_FAMILY = 1;
			};
			name = Debug;
		};
		A57D3A3D25B489F2005C3338 /* Release */ = {
			isa = XCBuildConfiguration;
			buildSettings = {
				ASSETCATALOG_COMPILER_APPICON_NAME = AppIcon;
				ASSETCATALOG_COMPILER_GLOBAL_ACCENT_COLOR_NAME = AccentColor;
				CODE_SIGN_STYLE = Automatic;
				DEVELOPMENT_TEAM = 735P3R8MUU;
				INFOPLIST_FILE = GifApp/Info.plist;
				LD_RUNPATH_SEARCH_PATHS = (
					"$(inherited)",
					"@executable_path/Frameworks",
				);
				PRODUCT_BUNDLE_IDENTIFIER = com.hanseop.GifApp;
				PRODUCT_NAME = "$(TARGET_NAME)";
				SWIFT_VERSION = 5.0;
				TARGETED_DEVICE_FAMILY = 1;
			};
			name = Release;
		};
		A5DA211525B6AB4300B544D4 /* Debug */ = {
			isa = XCBuildConfiguration;
			buildSettings = {
				BUNDLE_LOADER = "$(TEST_HOST)";
				CODE_SIGN_STYLE = Automatic;
				DEVELOPMENT_TEAM = 735P3R8MUU;
				INFOPLIST_FILE = GifAppTests/Info.plist;
				IPHONEOS_DEPLOYMENT_TARGET = 13.0;
				LD_RUNPATH_SEARCH_PATHS = (
					"$(inherited)",
					"@executable_path/Frameworks",
					"@loader_path/Frameworks",
				);
				PRODUCT_BUNDLE_IDENTIFIER = com.hanseop.GifAppTests;
				PRODUCT_NAME = "$(TARGET_NAME)";
				SWIFT_VERSION = 5.0;
				TARGETED_DEVICE_FAMILY = "1,2";
				TEST_HOST = "$(BUILT_PRODUCTS_DIR)/GifApp.app/GifApp";
			};
			name = Debug;
		};
		A5DA211625B6AB4300B544D4 /* Release */ = {
			isa = XCBuildConfiguration;
			buildSettings = {
				BUNDLE_LOADER = "$(TEST_HOST)";
				CODE_SIGN_STYLE = Automatic;
				DEVELOPMENT_TEAM = 735P3R8MUU;
				INFOPLIST_FILE = GifAppTests/Info.plist;
				IPHONEOS_DEPLOYMENT_TARGET = 13.0;
				LD_RUNPATH_SEARCH_PATHS = (
					"$(inherited)",
					"@executable_path/Frameworks",
					"@loader_path/Frameworks",
				);
				PRODUCT_BUNDLE_IDENTIFIER = com.hanseop.GifAppTests;
				PRODUCT_NAME = "$(TARGET_NAME)";
				SWIFT_VERSION = 5.0;
				TARGETED_DEVICE_FAMILY = "1,2";
				TEST_HOST = "$(BUILT_PRODUCTS_DIR)/GifApp.app/GifApp";
			};
			name = Release;
		};
/* End XCBuildConfiguration section */

/* Begin XCConfigurationList section */
		A57D3A2225B489F0005C3338 /* Build configuration list for PBXProject "GifApp" */ = {
			isa = XCConfigurationList;
			buildConfigurations = (
				A57D3A3925B489F2005C3338 /* Debug */,
				A57D3A3A25B489F2005C3338 /* Release */,
			);
			defaultConfigurationIsVisible = 0;
			defaultConfigurationName = Release;
		};
		A57D3A3B25B489F2005C3338 /* Build configuration list for PBXNativeTarget "GifApp" */ = {
			isa = XCConfigurationList;
			buildConfigurations = (
				A57D3A3C25B489F2005C3338 /* Debug */,
				A57D3A3D25B489F2005C3338 /* Release */,
			);
			defaultConfigurationIsVisible = 0;
			defaultConfigurationName = Release;
		};
		A5DA211425B6AB4300B544D4 /* Build configuration list for PBXNativeTarget "GifAppTests" */ = {
			isa = XCConfigurationList;
			buildConfigurations = (
				A5DA211525B6AB4300B544D4 /* Debug */,
				A5DA211625B6AB4300B544D4 /* Release */,
			);
			defaultConfigurationIsVisible = 0;
			defaultConfigurationName = Release;
		};
/* End XCConfigurationList section */
	};
	rootObject = A57D3A1F25B489F0005C3338 /* Project object */;
}
